
Microsoft Visual Studio Solution File, Format Version 12.00
# Visual Studio 15
VisualStudioVersion = 15.0.28307.1300
MinimumVisualStudioVersion = 10.0.40219.1
Project("{FAE04EC0-301F-11D3-BF4B-00C04F79EFBC}") = "PredragDjoricPR1002018", "PredragDjoricPR1002018\PredragDjoricPR1002018.csproj", "{4FAD13D9-8A80-4C18-89D0-E947E6B8AFB5}"
EndProject
Global
	GlobalSection(SolutionConfigurationPlatforms) = preSolution
		Debug|Any CPU = Debug|Any CPU
		Release|Any CPU = Release|Any CPU
	EndGlobalSection
	GlobalSection(ProjectConfigurationPlatforms) = postSolution
		{4FAD13D9-8A80-4C18-89D0-E947E6B8AFB5}.Debug|Any CPU.ActiveCfg = Debug|Any CPU
		{4FAD13D9-8A80-4C18-89D0-E947E6B8AFB5}.Debug|Any CPU.Build.0 = Debug|Any CPU
		{4FAD13D9-8A80-4C18-89D0-E947E6B8AFB5}.Release|Any CPU.ActiveCfg = Release|Any CPU
		{4FAD13D9-8A80-4C18-89D0-E947E6B8AFB5}.Release|Any CPU.Build.0 = Release|Any CPU
	EndGlobalSection
	GlobalSection(SolutionProperties) = preSolution
		HideSolutionNode = FALSE
	EndGlobalSection
	GlobalSection(ExtensibilityGlobals) = postSolution
		SolutionGuid = {FE324E7A-B980-4E17-B21F-94F18C151965}
	EndGlobalSection
EndGlobal
